// !$*UTF8*$!
{
	archiveVersion = 1;
	classes = {
	};
	objectVersion = 56;
	objects = {

/* Begin PBXBuildFile section */
		0256507C2BAB7C8F00ADE48F /* Extensions.swift in Sources */ = {isa = PBXBuildFile; fileRef = 0256507B2BAB7C8F00ADE48F /* Extensions.swift */; };
		025650802BAB8F4900ADE48F /* TitleCollectionViewCell.swift in Sources */ = {isa = PBXBuildFile; fileRef = 0256507F2BAB8F4900ADE48F /* TitleCollectionViewCell.swift */; };
		025650832BAB909200ADE48F /* SDWebImage in Frameworks */ = {isa = PBXBuildFile; productRef = 025650822BAB909200ADE48F /* SDWebImage */; };
		025650852BAB909200ADE48F /* SDWebImageMapKit in Frameworks */ = {isa = PBXBuildFile; productRef = 025650842BAB909200ADE48F /* SDWebImageMapKit */; };
		025650872BAB90CF00ADE48F /* SDWebImage in Frameworks */ = {isa = PBXBuildFile; productRef = 025650862BAB90CF00ADE48F /* SDWebImage */; };
		025650892BAB90CF00ADE48F /* SDWebImageMapKit in Frameworks */ = {isa = PBXBuildFile; productRef = 025650882BAB90CF00ADE48F /* SDWebImageMapKit */; };
		0256508B2BABB20B00ADE48F /* TitleTableViewCell.swift in Sources */ = {isa = PBXBuildFile; fileRef = 0256508A2BABB20B00ADE48F /* TitleTableViewCell.swift */; };
		0256508D2BABB96000ADE48F /* TitleViewModel.swift in Sources */ = {isa = PBXBuildFile; fileRef = 0256508C2BABB96000ADE48F /* TitleViewModel.swift */; };
		026B315D2BE3155B00F03CF2 /* PersistanceDataManager.swift in Sources */ = {isa = PBXBuildFile; fileRef = 026B315C2BE3155B00F03CF2 /* PersistanceDataManager.swift */; };
		0283EBE22BD9D77E00164D61 /* MoviestModel.xcdatamodeld in Sources */ = {isa = PBXBuildFile; fileRef = 0283EBE02BD9D77E00164D61 /* MoviestModel.xcdatamodeld */; };
		0283EBE42BD9D92A00164D61 /* DataPersistanceManager.swift in Sources */ = {isa = PBXBuildFile; fileRef = 0283EBE32BD9D92A00164D61 /* DataPersistanceManager.swift */; };
		02F42E582BA4D01100EB4423 /* AppDelegate.swift in Sources */ = {isa = PBXBuildFile; fileRef = 02F42E572BA4D01100EB4423 /* AppDelegate.swift */; };
		02F42E5A2BA4D01100EB4423 /* SceneDelegate.swift in Sources */ = {isa = PBXBuildFile; fileRef = 02F42E592BA4D01100EB4423 /* SceneDelegate.swift */; };
		02F42E5C2BA4D01100EB4423 /* MainTabBarViewController.swift in Sources */ = {isa = PBXBuildFile; fileRef = 02F42E5B2BA4D01100EB4423 /* MainTabBarViewController.swift */; };
		02F42E612BA4D01300EB4423 /* Assets.xcassets in Resources */ = {isa = PBXBuildFile; fileRef = 02F42E602BA4D01300EB4423 /* Assets.xcassets */; };
		02F42E642BA4D01300EB4423 /* LaunchScreen.storyboard in Resources */ = {isa = PBXBuildFile; fileRef = 02F42E622BA4D01300EB4423 /* LaunchScreen.storyboard */; };
		02F42E6D2BA4D85100EB4423 /* HomeViewController.swift in Sources */ = {isa = PBXBuildFile; fileRef = 02F42E6C2BA4D85100EB4423 /* HomeViewController.swift */; };
		02F42E6F2BA4D8D800EB4423 /* UpcomingViewController.swift in Sources */ = {isa = PBXBuildFile; fileRef = 02F42E6E2BA4D8D700EB4423 /* UpcomingViewController.swift */; };
		02F42E712BA4D90F00EB4423 /* SearchViewController.swift in Sources */ = {isa = PBXBuildFile; fileRef = 02F42E702BA4D90F00EB4423 /* SearchViewController.swift */; };
		02F42E732BA4D93300EB4423 /* DownloadsViewController.swift in Sources */ = {isa = PBXBuildFile; fileRef = 02F42E722BA4D93300EB4423 /* DownloadsViewController.swift */; };
		02F42E7A2BA4FAD700EB4423 /* CollectionViewTableViewCell.swift in Sources */ = {isa = PBXBuildFile; fileRef = 02F42E792BA4FAD700EB4423 /* CollectionViewTableViewCell.swift */; };
		02F42E7C2BA6B45100EB4423 /* HeroHeaderUIView.swift in Sources */ = {isa = PBXBuildFile; fileRef = 02F42E7B2BA6B45100EB4423 /* HeroHeaderUIView.swift */; };
		02F42E802BA7B44600EB4423 /* APICaller.swift in Sources */ = {isa = PBXBuildFile; fileRef = 02F42E7F2BA7B44600EB4423 /* APICaller.swift */; };
		02F42E822BA7C13800EB4423 /* Title.swift in Sources */ = {isa = PBXBuildFile; fileRef = 02F42E812BA7C13800EB4423 /* Title.swift */; };
		02FAAFA62BD1C73D00F677EA /* SearchResultsViewController.swift in Sources */ = {isa = PBXBuildFile; fileRef = 02FAAFA52BD1C73D00F677EA /* SearchResultsViewController.swift */; };
		02FAAFAA2BD1D37B00F677EA /* YoutubeSearchResponse.swift in Sources */ = {isa = PBXBuildFile; fileRef = 02FAAFA92BD1D37B00F677EA /* YoutubeSearchResponse.swift */; };
		02FAAFAE2BD1D91800F677EA /* TitlePreviewViewController.swift in Sources */ = {isa = PBXBuildFile; fileRef = 02FAAFAD2BD1D91800F677EA /* TitlePreviewViewController.swift */; };
		02FAAFB02BD1DA0700F677EA /* TitlePreviewViewModel.swift in Sources */ = {isa = PBXBuildFile; fileRef = 02FAAFAF2BD1DA0700F677EA /* TitlePreviewViewModel.swift */; };
/* End PBXBuildFile section */

/* Begin PBXFileReference section */
		0256507B2BAB7C8F00ADE48F /* Extensions.swift */ = {isa = PBXFileReference; lastKnownFileType = sourcecode.swift; path = Extensions.swift; sourceTree = "<group>"; };
		0256507F2BAB8F4900ADE48F /* TitleCollectionViewCell.swift */ = {isa = PBXFileReference; lastKnownFileType = sourcecode.swift; path = TitleCollectionViewCell.swift; sourceTree = "<group>"; };
		0256508A2BABB20B00ADE48F /* TitleTableViewCell.swift */ = {isa = PBXFileReference; lastKnownFileType = sourcecode.swift; path = TitleTableViewCell.swift; sourceTree = "<group>"; };
		0256508C2BABB96000ADE48F /* TitleViewModel.swift */ = {isa = PBXFileReference; lastKnownFileType = sourcecode.swift; path = TitleViewModel.swift; sourceTree = "<group>"; };
		026B315C2BE3155B00F03CF2 /* PersistanceDataManager.swift */ = {isa = PBXFileReference; lastKnownFileType = sourcecode.swift; path = PersistanceDataManager.swift; sourceTree = "<group>"; };
		0283EBE12BD9D77E00164D61 /* MoviestModel.xcdatamodel */ = {isa = PBXFileReference; lastKnownFileType = wrapper.xcdatamodel; path = MoviestModel.xcdatamodel; sourceTree = "<group>"; };
		0283EBE32BD9D92A00164D61 /* DataPersistanceManager.swift */ = {isa = PBXFileReference; lastKnownFileType = sourcecode.swift; path = DataPersistanceManager.swift; sourceTree = "<group>"; };
		02F42E542BA4D01100EB4423 /* Moviest.app */ = {isa = PBXFileReference; explicitFileType = wrapper.application; includeInIndex = 0; path = Moviest.app; sourceTree = BUILT_PRODUCTS_DIR; };
		02F42E572BA4D01100EB4423 /* AppDelegate.swift */ = {isa = PBXFileReference; lastKnownFileType = sourcecode.swift; path = AppDelegate.swift; sourceTree = "<group>"; };
		02F42E592BA4D01100EB4423 /* SceneDelegate.swift */ = {isa = PBXFileReference; lastKnownFileType = sourcecode.swift; path = SceneDelegate.swift; sourceTree = "<group>"; };
		02F42E5B2BA4D01100EB4423 /* MainTabBarViewController.swift */ = {isa = PBXFileReference; lastKnownFileType = sourcecode.swift; path = MainTabBarViewController.swift; sourceTree = "<group>"; };
		02F42E602BA4D01300EB4423 /* Assets.xcassets */ = {isa = PBXFileReference; lastKnownFileType = folder.assetcatalog; path = Assets.xcassets; sourceTree = "<group>"; };
		02F42E632BA4D01300EB4423 /* Base */ = {isa = PBXFileReference; lastKnownFileType = file.storyboard; name = Base; path = Base.lproj/LaunchScreen.storyboard; sourceTree = "<group>"; };
		02F42E652BA4D01300EB4423 /* Info.plist */ = {isa = PBXFileReference; lastKnownFileType = text.plist.xml; path = Info.plist; sourceTree = "<group>"; };
		02F42E6C2BA4D85100EB4423 /* HomeViewController.swift */ = {isa = PBXFileReference; lastKnownFileType = sourcecode.swift; path = HomeViewController.swift; sourceTree = "<group>"; };
		02F42E6E2BA4D8D700EB4423 /* UpcomingViewController.swift */ = {isa = PBXFileReference; lastKnownFileType = sourcecode.swift; path = UpcomingViewController.swift; sourceTree = "<group>"; };
		02F42E702BA4D90F00EB4423 /* SearchViewController.swift */ = {isa = PBXFileReference; lastKnownFileType = sourcecode.swift; path = SearchViewController.swift; sourceTree = "<group>"; };
		02F42E722BA4D93300EB4423 /* DownloadsViewController.swift */ = {isa = PBXFileReference; lastKnownFileType = sourcecode.swift; path = DownloadsViewController.swift; sourceTree = "<group>"; };
		02F42E792BA4FAD700EB4423 /* CollectionViewTableViewCell.swift */ = {isa = PBXFileReference; lastKnownFileType = sourcecode.swift; path = CollectionViewTableViewCell.swift; sourceTree = "<group>"; };
		02F42E7B2BA6B45100EB4423 /* HeroHeaderUIView.swift */ = {isa = PBXFileReference; lastKnownFileType = sourcecode.swift; path = HeroHeaderUIView.swift; sourceTree = "<group>"; };
		02F42E7F2BA7B44600EB4423 /* APICaller.swift */ = {isa = PBXFileReference; lastKnownFileType = sourcecode.swift; path = APICaller.swift; sourceTree = "<group>"; };
		02F42E812BA7C13800EB4423 /* Title.swift */ = {isa = PBXFileReference; lastKnownFileType = sourcecode.swift; path = Title.swift; sourceTree = "<group>"; };
		02FAAFA52BD1C73D00F677EA /* SearchResultsViewController.swift */ = {isa = PBXFileReference; lastKnownFileType = sourcecode.swift; path = SearchResultsViewController.swift; sourceTree = "<group>"; };
		02FAAFA92BD1D37B00F677EA /* YoutubeSearchResponse.swift */ = {isa = PBXFileReference; lastKnownFileType = sourcecode.swift; path = YoutubeSearchResponse.swift; sourceTree = "<group>"; };
		02FAAFAD2BD1D91800F677EA /* TitlePreviewViewController.swift */ = {isa = PBXFileReference; lastKnownFileType = sourcecode.swift; path = TitlePreviewViewController.swift; sourceTree = "<group>"; };
		02FAAFAF2BD1DA0700F677EA /* TitlePreviewViewModel.swift */ = {isa = PBXFileReference; lastKnownFileType = sourcecode.swift; path = TitlePreviewViewModel.swift; sourceTree = "<group>"; };
/* End PBXFileReference section */

/* Begin PBXFrameworksBuildPhase section */
		02F42E512BA4D01100EB4423 /* Frameworks */ = {
			isa = PBXFrameworksBuildPhase;
			buildActionMask = 2147483647;
			files = (
				025650872BAB90CF00ADE48F /* SDWebImage in Frameworks */,
				025650852BAB909200ADE48F /* SDWebImageMapKit in Frameworks */,
				025650892BAB90CF00ADE48F /* SDWebImageMapKit in Frameworks */,
				025650832BAB909200ADE48F /* SDWebImage in Frameworks */,
			);
			runOnlyForDeploymentPostprocessing = 0;
		};
/* End PBXFrameworksBuildPhase section */

/* Begin PBXGroup section */
		02F42E4B2BA4D01100EB4423 = {
			isa = PBXGroup;
			children = (
				02F42E562BA4D01100EB4423 /* Moviest */,
				02F42E552BA4D01100EB4423 /* Products */,
			);
			sourceTree = "<group>";
		};
		02F42E552BA4D01100EB4423 /* Products */ = {
			isa = PBXGroup;
			children = (
				02F42E542BA4D01100EB4423 /* Moviest.app */,
			);
			name = Products;
			sourceTree = "<group>";
		};
		02F42E562BA4D01100EB4423 /* Moviest */ = {
			isa = PBXGroup;
			children = (
				02F42E782BA4F9CA00EB4423 /* Managers */,
				02F42E772BA4F9C000EB4423 /* Resources */,
				02F42E762BA4F9B000EB4423 /* Models */,
				02F42E752BA4F99D00EB4423 /* ViewModels */,
				02F42E742BA4F99600EB4423 /* Views */,
				02F42E6B2BA4D76A00EB4423 /* Controllers */,
				02F42E602BA4D01300EB4423 /* Assets.xcassets */,
				02F42E622BA4D01300EB4423 /* LaunchScreen.storyboard */,
				02F42E652BA4D01300EB4423 /* Info.plist */,
				0283EBE02BD9D77E00164D61 /* MoviestModel.xcdatamodeld */,
			);
			path = Moviest;
			sourceTree = "<group>";
		};
		02F42E6B2BA4D76A00EB4423 /* Controllers */ = {
			isa = PBXGroup;
			children = (
				02FAAFA82BD1C77D00F677EA /* General */,
				02FAAFA72BD1C77000F677EA /* Core */,
			);
			path = Controllers;
			sourceTree = "<group>";
		};
		02F42E742BA4F99600EB4423 /* Views */ = {
			isa = PBXGroup;
			children = (
				02F42E792BA4FAD700EB4423 /* CollectionViewTableViewCell.swift */,
				02F42E7B2BA6B45100EB4423 /* HeroHeaderUIView.swift */,
				0256507F2BAB8F4900ADE48F /* TitleCollectionViewCell.swift */,
				0256508A2BABB20B00ADE48F /* TitleTableViewCell.swift */,
			);
			path = Views;
			sourceTree = "<group>";
		};
		02F42E752BA4F99D00EB4423 /* ViewModels */ = {
			isa = PBXGroup;
			children = (
				0256508C2BABB96000ADE48F /* TitleViewModel.swift */,
				02FAAFAF2BD1DA0700F677EA /* TitlePreviewViewModel.swift */,
			);
			path = ViewModels;
			sourceTree = "<group>";
		};
		02F42E762BA4F9B000EB4423 /* Models */ = {
			isa = PBXGroup;
			children = (
				02F42E812BA7C13800EB4423 /* Title.swift */,
				02FAAFA92BD1D37B00F677EA /* YoutubeSearchResponse.swift */,
			);
			path = Models;
			sourceTree = "<group>";
		};
		02F42E772BA4F9C000EB4423 /* Resources */ = {
			isa = PBXGroup;
			children = (
				02F42E592BA4D01100EB4423 /* SceneDelegate.swift */,
				02F42E572BA4D01100EB4423 /* AppDelegate.swift */,
				0256507B2BAB7C8F00ADE48F /* Extensions.swift */,
			);
			path = Resources;
			sourceTree = "<group>";
		};
		02F42E782BA4F9CA00EB4423 /* Managers */ = {
			isa = PBXGroup;
			children = (
				02F42E7F2BA7B44600EB4423 /* APICaller.swift */,
				0283EBE32BD9D92A00164D61 /* DataPersistanceManager.swift */,
				026B315C2BE3155B00F03CF2 /* PersistanceDataManager.swift */,
			);
			path = Managers;
			sourceTree = "<group>";
		};
		02FAAFA72BD1C77000F677EA /* Core */ = {
			isa = PBXGroup;
			children = (
				02F42E5B2BA4D01100EB4423 /* MainTabBarViewController.swift */,
				02F42E6C2BA4D85100EB4423 /* HomeViewController.swift */,
				02F42E6E2BA4D8D700EB4423 /* UpcomingViewController.swift */,
				02F42E702BA4D90F00EB4423 /* SearchViewController.swift */,
				02F42E722BA4D93300EB4423 /* DownloadsViewController.swift */,
			);
			path = Core;
			sourceTree = "<group>";
		};
		02FAAFA82BD1C77D00F677EA /* General */ = {
			isa = PBXGroup;
			children = (
				02FAAFA52BD1C73D00F677EA /* SearchResultsViewController.swift */,
				02FAAFAD2BD1D91800F677EA /* TitlePreviewViewController.swift */,
			);
			path = General;
			sourceTree = "<group>";
		};
/* End PBXGroup section */

/* Begin PBXNativeTarget section */
		02F42E532BA4D01100EB4423 /* Moviest */ = {
			isa = PBXNativeTarget;
			buildConfigurationList = 02F42E682BA4D01300EB4423 /* Build configuration list for PBXNativeTarget "Moviest" */;
			buildPhases = (
				02F42E502BA4D01100EB4423 /* Sources */,
				02F42E512BA4D01100EB4423 /* Frameworks */,
				02F42E522BA4D01100EB4423 /* Resources */,
			);
			buildRules = (
			);
			dependencies = (
			);
			name = Moviest;
			packageProductDependencies = (
				025650822BAB909200ADE48F /* SDWebImage */,
				025650842BAB909200ADE48F /* SDWebImageMapKit */,
				025650862BAB90CF00ADE48F /* SDWebImage */,
				025650882BAB90CF00ADE48F /* SDWebImageMapKit */,
			);
			productName = Moviest;
			productReference = 02F42E542BA4D01100EB4423 /* Moviest.app */;
			productType = "com.apple.product-type.application";
		};
/* End PBXNativeTarget section */

/* Begin PBXProject section */
		02F42E4C2BA4D01100EB4423 /* Project object */ = {
			isa = PBXProject;
			attributes = {
				BuildIndependentTargetsInParallel = 1;
				LastSwiftUpdateCheck = 1500;
				LastUpgradeCheck = 1500;
				TargetAttributes = {
					02F42E532BA4D01100EB4423 = {
						CreatedOnToolsVersion = 15.0;
					};
				};
			};
			buildConfigurationList = 02F42E4F2BA4D01100EB4423 /* Build configuration list for PBXProject "Moviest" */;
			compatibilityVersion = "Xcode 14.0";
			developmentRegion = en;
			hasScannedForEncodings = 0;
			knownRegions = (
				en,
				Base,
			);
			mainGroup = 02F42E4B2BA4D01100EB4423;
			packageReferences = (
				025650812BAB909200ADE48F /* XCRemoteSwiftPackageReference "SDWebImage" */,
			);
			productRefGroup = 02F42E552BA4D01100EB4423 /* Products */;
			projectDirPath = "";
			projectRoot = "";
			targets = (
				02F42E532BA4D01100EB4423 /* Moviest */,
			);
		};
/* End PBXProject section */

/* Begin PBXResourcesBuildPhase section */
		02F42E522BA4D01100EB4423 /* Resources */ = {
			isa = PBXResourcesBuildPhase;
			buildActionMask = 2147483647;
			files = (
				02F42E642BA4D01300EB4423 /* LaunchScreen.storyboard in Resources */,
				02F42E612BA4D01300EB4423 /* Assets.xcassets in Resources */,
			);
			runOnlyForDeploymentPostprocessing = 0;
		};
/* End PBXResourcesBuildPhase section */

/* Begin PBXSourcesBuildPhase section */
		02F42E502BA4D01100EB4423 /* Sources */ = {
			isa = PBXSourcesBuildPhase;
			buildActionMask = 2147483647;
			files = (
				0256508B2BABB20B00ADE48F /* TitleTableViewCell.swift in Sources */,
				02F42E712BA4D90F00EB4423 /* SearchViewController.swift in Sources */,
				025650802BAB8F4900ADE48F /* TitleCollectionViewCell.swift in Sources */,
				02F42E5C2BA4D01100EB4423 /* MainTabBarViewController.swift in Sources */,
				02F42E7A2BA4FAD700EB4423 /* CollectionViewTableViewCell.swift in Sources */,
				02F42E802BA7B44600EB4423 /* APICaller.swift in Sources */,
				02F42E7C2BA6B45100EB4423 /* HeroHeaderUIView.swift in Sources */,
				02F42E582BA4D01100EB4423 /* AppDelegate.swift in Sources */,
				02F42E732BA4D93300EB4423 /* DownloadsViewController.swift in Sources */,
				0283EBE22BD9D77E00164D61 /* MoviestModel.xcdatamodeld in Sources */,
				02FAAFA62BD1C73D00F677EA /* SearchResultsViewController.swift in Sources */,
				0256507C2BAB7C8F00ADE48F /* Extensions.swift in Sources */,
				0283EBE42BD9D92A00164D61 /* DataPersistanceManager.swift in Sources */,
				02FAAFAA2BD1D37B00F677EA /* YoutubeSearchResponse.swift in Sources */,
				02F42E5A2BA4D01100EB4423 /* SceneDelegate.swift in Sources */,
				02FAAFB02BD1DA0700F677EA /* TitlePreviewViewModel.swift in Sources */,
				02F42E6F2BA4D8D800EB4423 /* UpcomingViewController.swift in Sources */,
				02FAAFAE2BD1D91800F677EA /* TitlePreviewViewController.swift in Sources */,
				02F42E822BA7C13800EB4423 /* Title.swift in Sources */,
				026B315D2BE3155B00F03CF2 /* PersistanceDataManager.swift in Sources */,
				02F42E6D2BA4D85100EB4423 /* HomeViewController.swift in Sources */,
				0256508D2BABB96000ADE48F /* TitleViewModel.swift in Sources */,
			);
			runOnlyForDeploymentPostprocessing = 0;
		};
/* End PBXSourcesBuildPhase section */

/* Begin PBXVariantGroup section */
		02F42E622BA4D01300EB4423 /* LaunchScreen.storyboard */ = {
			isa = PBXVariantGroup;
			children = (
				02F42E632BA4D01300EB4423 /* Base */,
			);
			name = LaunchScreen.storyboard;
			sourceTree = "<group>";
		};
/* End PBXVariantGroup section */

/* Begin XCBuildConfiguration section */
		02F42E662BA4D01300EB4423 /* Debug */ = {
			isa = XCBuildConfiguration;
			buildSettings = {
				ALWAYS_SEARCH_USER_PATHS = NO;
				ASSETCATALOG_COMPILER_GENERATE_SWIFT_ASSET_SYMBOL_EXTENSIONS = YES;
				CLANG_ANALYZER_NONNULL = YES;
				CLANG_ANALYZER_NUMBER_OBJECT_CONVERSION = YES_AGGRESSIVE;
				CLANG_CXX_LANGUAGE_STANDARD = "gnu++20";
				CLANG_ENABLE_MODULES = YES;
				CLANG_ENABLE_OBJC_ARC = YES;
				CLANG_ENABLE_OBJC_WEAK = YES;
				CLANG_WARN_BLOCK_CAPTURE_AUTORELEASING = YES;
				CLANG_WARN_BOOL_CONVERSION = YES;
				CLANG_WARN_COMMA = YES;
				CLANG_WARN_CONSTANT_CONVERSION = YES;
				CLANG_WARN_DEPRECATED_OBJC_IMPLEMENTATIONS = YES;
				CLANG_WARN_DIRECT_OBJC_ISA_USAGE = YES_ERROR;
				CLANG_WARN_DOCUMENTATION_COMMENTS = YES;
				CLANG_WARN_EMPTY_BODY = YES;
				CLANG_WARN_ENUM_CONVERSION = YES;
				CLANG_WARN_INFINITE_RECURSION = YES;
				CLANG_WARN_INT_CONVERSION = YES;
				CLANG_WARN_NON_LITERAL_NULL_CONVERSION = YES;
				CLANG_WARN_OBJC_IMPLICIT_RETAIN_SELF = YES;
				CLANG_WARN_OBJC_LITERAL_CONVERSION = YES;
				CLANG_WARN_OBJC_ROOT_CLASS = YES_ERROR;
				CLANG_WARN_QUOTED_INCLUDE_IN_FRAMEWORK_HEADER = YES;
				CLANG_WARN_RANGE_LOOP_ANALYSIS = YES;
				CLANG_WARN_STRICT_PROTOTYPES = YES;
				CLANG_WARN_SUSPICIOUS_MOVE = YES;
				CLANG_WARN_UNGUARDED_AVAILABILITY = YES_AGGRESSIVE;
				CLANG_WARN_UNREACHABLE_CODE = YES;
				CLANG_WARN__DUPLICATE_METHOD_MATCH = YES;
				COPY_PHASE_STRIP = NO;
				DEBUG_INFORMATION_FORMAT = dwarf;
				ENABLE_STRICT_OBJC_MSGSEND = YES;
				ENABLE_TESTABILITY = YES;
				ENABLE_USER_SCRIPT_SANDBOXING = YES;
				GCC_C_LANGUAGE_STANDARD = gnu17;
				GCC_DYNAMIC_NO_PIC = NO;
				GCC_NO_COMMON_BLOCKS = YES;
				GCC_OPTIMIZATION_LEVEL = 0;
				GCC_PREPROCESSOR_DEFINITIONS = (
					"DEBUG=1",
					"$(inherited)",
				);
				GCC_WARN_64_TO_32_BIT_CONVERSION = YES;
				GCC_WARN_ABOUT_RETURN_TYPE = YES_ERROR;
				GCC_WARN_UNDECLARED_SELECTOR = YES;
				GCC_WARN_UNINITIALIZED_AUTOS = YES_AGGRESSIVE;
				GCC_WARN_UNUSED_FUNCTION = YES;
				GCC_WARN_UNUSED_VARIABLE = YES;
				IPHONEOS_DEPLOYMENT_TARGET = 17.0;
				LOCALIZATION_PREFERS_STRING_CATALOGS = YES;
				MTL_ENABLE_DEBUG_INFO = INCLUDE_SOURCE;
				MTL_FAST_MATH = YES;
				ONLY_ACTIVE_ARCH = YES;
				SDKROOT = iphoneos;
				SWIFT_ACTIVE_COMPILATION_CONDITIONS = "DEBUG $(inherited)";
				SWIFT_OPTIMIZATION_LEVEL = "-Onone";
			};
			name = Debug;
		};
		02F42E672BA4D01300EB4423 /* Release */ = {
			isa = XCBuildConfiguration;
			buildSettings = {
				ALWAYS_SEARCH_USER_PATHS = NO;
				ASSETCATALOG_COMPILER_GENERATE_SWIFT_ASSET_SYMBOL_EXTENSIONS = YES;
				CLANG_ANALYZER_NONNULL = YES;
				CLANG_ANALYZER_NUMBER_OBJECT_CONVERSION = YES_AGGRESSIVE;
				CLANG_CXX_LANGUAGE_STANDARD = "gnu++20";
				CLANG_ENABLE_MODULES = YES;
				CLANG_ENABLE_OBJC_ARC = YES;
				CLANG_ENABLE_OBJC_WEAK = YES;
				CLANG_WARN_BLOCK_CAPTURE_AUTORELEASING = YES;
				CLANG_WARN_BOOL_CONVERSION = YES;
				CLANG_WARN_COMMA = YES;
				CLANG_WARN_CONSTANT_CONVERSION = YES;
				CLANG_WARN_DEPRECATED_OBJC_IMPLEMENTATIONS = YES;
				CLANG_WARN_DIRECT_OBJC_ISA_USAGE = YES_ERROR;
				CLANG_WARN_DOCUMENTATION_COMMENTS = YES;
				CLANG_WARN_EMPTY_BODY = YES;
				CLANG_WARN_ENUM_CONVERSION = YES;
				CLANG_WARN_INFINITE_RECURSION = YES;
				CLANG_WARN_INT_CONVERSION = YES;
				CLANG_WARN_NON_LITERAL_NULL_CONVERSION = YES;
				CLANG_WARN_OBJC_IMPLICIT_RETAIN_SELF = YES;
				CLANG_WARN_OBJC_LITERAL_CONVERSION = YES;
				CLANG_WARN_OBJC_ROOT_CLASS = YES_ERROR;
				CLANG_WARN_QUOTED_INCLUDE_IN_FRAMEWORK_HEADER = YES;
				CLANG_WARN_RANGE_LOOP_ANALYSIS = YES;
				CLANG_WARN_STRICT_PROTOTYPES = YES;
				CLANG_WARN_SUSPICIOUS_MOVE = YES;
				CLANG_WARN_UNGUARDED_AVAILABILITY = YES_AGGRESSIVE;
				CLANG_WARN_UNREACHABLE_CODE = YES;
				CLANG_WARN__DUPLICATE_METHOD_MATCH = YES;
				COPY_PHASE_STRIP = NO;
				DEBUG_INFORMATION_FORMAT = "dwarf-with-dsym";
				ENABLE_NS_ASSERTIONS = NO;
				ENABLE_STRICT_OBJC_MSGSEND = YES;
				ENABLE_USER_SCRIPT_SANDBOXING = YES;
				GCC_C_LANGUAGE_STANDARD = gnu17;
				GCC_NO_COMMON_BLOCKS = YES;
				GCC_WARN_64_TO_32_BIT_CONVERSION = YES;
				GCC_WARN_ABOUT_RETURN_TYPE = YES_ERROR;
				GCC_WARN_UNDECLARED_SELECTOR = YES;
				GCC_WARN_UNINITIALIZED_AUTOS = YES_AGGRESSIVE;
				GCC_WARN_UNUSED_FUNCTION = YES;
				GCC_WARN_UNUSED_VARIABLE = YES;
				IPHONEOS_DEPLOYMENT_TARGET = 17.0;
				LOCALIZATION_PREFERS_STRING_CATALOGS = YES;
				MTL_ENABLE_DEBUG_INFO = NO;
				MTL_FAST_MATH = YES;
				SDKROOT = iphoneos;
				SWIFT_COMPILATION_MODE = wholemodule;
				VALIDATE_PRODUCT = YES;
			};
			name = Release;
		};
		02F42E692BA4D01300EB4423 /* Debug */ = {
			isa = XCBuildConfiguration;
			buildSettings = {
				ASSETCATALOG_COMPILER_APPICON_NAME = AppIcon;
				ASSETCATALOG_COMPILER_GLOBAL_ACCENT_COLOR_NAME = AccentColor;
				CODE_SIGN_STYLE = Automatic;
				CURRENT_PROJECT_VERSION = 1;
				DEVELOPMENT_TEAM = ADPX787D35;
				GENERATE_INFOPLIST_FILE = YES;
				INFOPLIST_FILE = Moviest/Info.plist;
				INFOPLIST_KEY_UIApplicationSupportsIndirectInputEvents = YES;
				INFOPLIST_KEY_UILaunchStoryboardName = LaunchScreen;
				INFOPLIST_KEY_UISupportedInterfaceOrientations_iPad = "UIInterfaceOrientationPortrait UIInterfaceOrientationPortraitUpsideDown UIInterfaceOrientationLandscapeLeft UIInterfaceOrientationLandscapeRight";
				INFOPLIST_KEY_UISupportedInterfaceOrientations_iPhone = "UIInterfaceOrientationPortrait UIInterfaceOrientationLandscapeLeft UIInterfaceOrientationLandscapeRight";
				LD_RUNPATH_SEARCH_PATHS = (
					"$(inherited)",
					"@executable_path/Frameworks",
				);
				MARKETING_VERSION = 1.0;
				PRODUCT_BUNDLE_IDENTIFIER = edu.northeastern.nankun.Moviest;
				PRODUCT_NAME = "$(TARGET_NAME)";
				SWIFT_EMIT_LOC_STRINGS = YES;
				SWIFT_VERSION = 5.0;
				TARGETED_DEVICE_FAMILY = "1,2";
			};
			name = Debug;
		};
		02F42E6A2BA4D01300EB4423 /* Release */ = {
			isa = XCBuildConfiguration;
			buildSettings = {
				ASSETCATALOG_COMPILER_APPICON_NAME = AppIcon;
				ASSETCATALOG_COMPILER_GLOBAL_ACCENT_COLOR_NAME = AccentColor;
				CODE_SIGN_STYLE = Automatic;
				CURRENT_PROJECT_VERSION = 1;
				DEVELOPMENT_TEAM = ADPX787D35;
				GENERATE_INFOPLIST_FILE = YES;
				INFOPLIST_FILE = Moviest/Info.plist;
				INFOPLIST_KEY_UIApplicationSupportsIndirectInputEvents = YES;
				INFOPLIST_KEY_UILaunchStoryboardName = LaunchScreen;
				INFOPLIST_KEY_UISupportedInterfaceOrientations_iPad = "UIInterfaceOrientationPortrait UIInterfaceOrientationPortraitUpsideDown UIInterfaceOrientationLandscapeLeft UIInterfaceOrientationLandscapeRight";
				INFOPLIST_KEY_UISupportedInterfaceOrientations_iPhone = "UIInterfaceOrientationPortrait UIInterfaceOrientationLandscapeLeft UIInterfaceOrientationLandscapeRight";
				LD_RUNPATH_SEARCH_PATHS = (
					"$(inherited)",
					"@executable_path/Frameworks",
				);
				MARKETING_VERSION = 1.0;
				PRODUCT_BUNDLE_IDENTIFIER = edu.northeastern.nankun.Moviest;
				PRODUCT_NAME = "$(TARGET_NAME)";
				SWIFT_EMIT_LOC_STRINGS = YES;
				SWIFT_VERSION = 5.0;
				TARGETED_DEVICE_FAMILY = "1,2";
			};
			name = Release;
		};
/* End XCBuildConfiguration section */

/* Begin XCConfigurationList section */
		02F42E4F2BA4D01100EB4423 /* Build configuration list for PBXProject "Moviest" */ = {
			isa = XCConfigurationList;
			buildConfigurations = (
				02F42E662BA4D01300EB4423 /* Debug */,
				02F42E672BA4D01300EB4423 /* Release */,
			);
			defaultConfigurationIsVisible = 0;
			defaultConfigurationName = Release;
		};
		02F42E682BA4D01300EB4423 /* Build configuration list for PBXNativeTarget "Moviest" */ = {
			isa = XCConfigurationList;
			buildConfigurations = (
				02F42E692BA4D01300EB4423 /* Debug */,
				02F42E6A2BA4D01300EB4423 /* Release */,
			);
			defaultConfigurationIsVisible = 0;
			defaultConfigurationName = Release;
		};
/* End XCConfigurationList section */

/* Begin XCRemoteSwiftPackageReference section */
		025650812BAB909200ADE48F /* XCRemoteSwiftPackageReference "SDWebImage" */ = {
			isa = XCRemoteSwiftPackageReference;
			repositoryURL = "https://github.com/SDWebImage/SDWebImage.git";
			requirement = {
				kind = upToNextMajorVersion;
				minimumVersion = 5.19.0;
			};
		};
/* End XCRemoteSwiftPackageReference section */

/* Begin XCSwiftPackageProductDependency section */
		025650822BAB909200ADE48F /* SDWebImage */ = {
			isa = XCSwiftPackageProductDependency;
			package = 025650812BAB909200ADE48F /* XCRemoteSwiftPackageReference "SDWebImage" */;
			productName = SDWebImage;
		};
		025650842BAB909200ADE48F /* SDWebImageMapKit */ = {
			isa = XCSwiftPackageProductDependency;
			package = 025650812BAB909200ADE48F /* XCRemoteSwiftPackageReference "SDWebImage" */;
			productName = SDWebImageMapKit;
		};
		025650862BAB90CF00ADE48F /* SDWebImage */ = {
			isa = XCSwiftPackageProductDependency;
			package = 025650812BAB909200ADE48F /* XCRemoteSwiftPackageReference "SDWebImage" */;
			productName = SDWebImage;
		};
		025650882BAB90CF00ADE48F /* SDWebImageMapKit */ = {
			isa = XCSwiftPackageProductDependency;
			package = 025650812BAB909200ADE48F /* XCRemoteSwiftPackageReference "SDWebImage" */;
			productName = SDWebImageMapKit;
		};
/* End XCSwiftPackageProductDependency section */

/* Begin XCVersionGroup section */
		0283EBE02BD9D77E00164D61 /* MoviestModel.xcdatamodeld */ = {
			isa = XCVersionGroup;
			children = (
				0283EBE12BD9D77E00164D61 /* MoviestModel.xcdatamodel */,
			);
			currentVersion = 0283EBE12BD9D77E00164D61 /* MoviestModel.xcdatamodel */;
			path = MoviestModel.xcdatamodeld;
			sourceTree = "<group>";
			versionGroupType = wrapper.xcdatamodel;
		};
/* End XCVersionGroup section */
	};
	rootObject = 02F42E4C2BA4D01100EB4423 /* Project object */;
}
